// !$*UTF8*$!
{
	archiveVersion = 1;
	classes = {
	};
	objectVersion = 46;
	objects = {

/* Begin PBXBuildFile section */
		4986B504193DF01E00DC86FC /* myViewController.swift in Sources */ = {isa = PBXBuildFile; fileRef = 4986B503193DF01E00DC86FC /* myViewController.swift */; };
		4986B508193E46E000DC86FC /* pizza-patriottica.png in Resources */ = {isa = PBXBuildFile; fileRef = 4986B507193E46E000DC86FC /* pizza-patriottica.png */; };
		4986B50B193E614C00DC86FC /* loadJson.swift in Sources */ = {isa = PBXBuildFile; fileRef = 4986B50A193E614C00DC86FC /* loadJson.swift */; };
		4986B50D193E665F00DC86FC /* file.json in Resources */ = {isa = PBXBuildFile; fileRef = 4986B50C193E665F00DC86FC /* file.json */; };
		49FFEE77193DC413007CE996 /* AppDelegate.swift in Sources */ = {isa = PBXBuildFile; fileRef = 49FFEE76193DC413007CE996 /* AppDelegate.swift */; };
		49FFEE79193DC413007CE996 /* ViewController.swift in Sources */ = {isa = PBXBuildFile; fileRef = 49FFEE78193DC413007CE996 /* ViewController.swift */; };
		49FFEE7C193DC413007CE996 /* Main.storyboard in Resources */ = {isa = PBXBuildFile; fileRef = 49FFEE7A193DC413007CE996 /* Main.storyboard */; };
		49FFEE7E193DC413007CE996 /* Images.xcassets in Resources */ = {isa = PBXBuildFile; fileRef = 49FFEE7D193DC413007CE996 /* Images.xcassets */; };
		49FFEE8A193DC413007CE996 /* PrimoSwiftTests.swift in Sources */ = {isa = PBXBuildFile; fileRef = 49FFEE89193DC413007CE996 /* PrimoSwiftTests.swift */; };
		49FFEE96193DD150007CE996 /* customCell.swift in Sources */ = {isa = PBXBuildFile; fileRef = 49FFEE95193DD150007CE996 /* customCell.swift */; };
/* End PBXBuildFile section */

/* Begin PBXContainerItemProxy section */
		49FFEE84193DC413007CE996 /* PBXContainerItemProxy */ = {
			isa = PBXContainerItemProxy;
			containerPortal = 49FFEE69193DC412007CE996 /* Project object */;
			proxyType = 1;
			remoteGlobalIDString = 49FFEE70193DC413007CE996;
			remoteInfo = PrimoSwift;
		};
/* End PBXContainerItemProxy section */

/* Begin PBXFileReference section */
		4986B503193DF01E00DC86FC /* myViewController.swift */ = {isa = PBXFileReference; fileEncoding = 4; lastKnownFileType = sourcecode.swift; path = myViewController.swift; sourceTree = "<group>"; };
		4986B507193E46E000DC86FC /* pizza-patriottica.png */ = {isa = PBXFileReference; lastKnownFileType = image.png; path = "pizza-patriottica.png"; sourceTree = SOURCE_ROOT; };
		4986B50A193E614C00DC86FC /* loadJson.swift */ = {isa = PBXFileReference; fileEncoding = 4; lastKnownFileType = sourcecode.swift; path = loadJson.swift; sourceTree = "<group>"; };
		4986B50C193E665F00DC86FC /* file.json */ = {isa = PBXFileReference; fileEncoding = 4; lastKnownFileType = text.json; path = file.json; sourceTree = SOURCE_ROOT; };
		49FFEE71193DC413007CE996 /* PrimoSwift.app */ = {isa = PBXFileReference; explicitFileType = wrapper.application; includeInIndex = 0; path = PrimoSwift.app; sourceTree = BUILT_PRODUCTS_DIR; };
		49FFEE75193DC413007CE996 /* Info.plist */ = {isa = PBXFileReference; lastKnownFileType = text.plist.xml; path = Info.plist; sourceTree = "<group>"; };
		49FFEE76193DC413007CE996 /* AppDelegate.swift */ = {isa = PBXFileReference; lastKnownFileType = sourcecode.swift; path = AppDelegate.swift; sourceTree = "<group>"; };
		49FFEE78193DC413007CE996 /* ViewController.swift */ = {isa = PBXFileReference; lastKnownFileType = sourcecode.swift; path = ViewController.swift; sourceTree = "<group>"; };
		49FFEE7B193DC413007CE996 /* Base */ = {isa = PBXFileReference; lastKnownFileType = file.storyboard; name = Base; path = Base.lproj/Main.storyboard; sourceTree = "<group>"; };
		49FFEE7D193DC413007CE996 /* Images.xcassets */ = {isa = PBXFileReference; lastKnownFileType = folder.assetcatalog; path = Images.xcassets; sourceTree = "<group>"; };
		49FFEE83193DC413007CE996 /* PrimoSwiftTests.xctest */ = {isa = PBXFileReference; explicitFileType = wrapper.cfbundle; includeInIndex = 0; path = PrimoSwiftTests.xctest; sourceTree = BUILT_PRODUCTS_DIR; };
		49FFEE88193DC413007CE996 /* Info.plist */ = {isa = PBXFileReference; lastKnownFileType = text.plist.xml; path = Info.plist; sourceTree = "<group>"; };
		49FFEE89193DC413007CE996 /* PrimoSwiftTests.swift */ = {isa = PBXFileReference; lastKnownFileType = sourcecode.swift; path = PrimoSwiftTests.swift; sourceTree = "<group>"; };
		49FFEE95193DD150007CE996 /* customCell.swift */ = {isa = PBXFileReference; fileEncoding = 4; lastKnownFileType = sourcecode.swift; path = customCell.swift; sourceTree = "<group>"; };
/* End PBXFileReference section */

/* Begin PBXFrameworksBuildPhase section */
		49FFEE6E193DC413007CE996 /* Frameworks */ = {
			isa = PBXFrameworksBuildPhase;
			buildActionMask = 2147483647;
			files = (
			);
			runOnlyForDeploymentPostprocessing = 0;
		};
		49FFEE80193DC413007CE996 /* Frameworks */ = {
			isa = PBXFrameworksBuildPhase;
			buildActionMask = 2147483647;
			files = (
			);
			runOnlyForDeploymentPostprocessing = 0;
		};
/* End PBXFrameworksBuildPhase section */

/* Begin PBXGroup section */
		4986B509193E46E500DC86FC /* resources */ = {
			isa = PBXGroup;
			children = (
				4986B50C193E665F00DC86FC /* file.json */,
				4986B507193E46E000DC86FC /* pizza-patriottica.png */,
			);
			name = resources;
			sourceTree = "<group>";
		};
		49FFEE68193DC412007CE996 = {
			isa = PBXGroup;
			children = (
				49FFEE73193DC413007CE996 /* PrimoSwift */,
				49FFEE86193DC413007CE996 /* PrimoSwiftTests */,
				49FFEE72193DC413007CE996 /* Products */,
			);
			sourceTree = "<group>";
		};
		49FFEE72193DC413007CE996 /* Products */ = {
			isa = PBXGroup;
			children = (
				49FFEE71193DC413007CE996 /* PrimoSwift.app */,
				49FFEE83193DC413007CE996 /* PrimoSwiftTests.xctest */,
			);
			name = Products;
			sourceTree = "<group>";
		};
		49FFEE73193DC413007CE996 /* PrimoSwift */ = {
			isa = PBXGroup;
			children = (
				4986B509193E46E500DC86FC /* resources */,
				4986B50A193E614C00DC86FC /* loadJson.swift */,
				49FFEE76193DC413007CE996 /* AppDelegate.swift */,
				49FFEE78193DC413007CE996 /* ViewController.swift */,
				49FFEE95193DD150007CE996 /* customCell.swift */,
				4986B503193DF01E00DC86FC /* myViewController.swift */,
				49FFEE7A193DC413007CE996 /* Main.storyboard */,
				49FFEE7D193DC413007CE996 /* Images.xcassets */,
				49FFEE74193DC413007CE996 /* Supporting Files */,
			);
			path = PrimoSwift;
			sourceTree = "<group>";
		};
		49FFEE74193DC413007CE996 /* Supporting Files */ = {
			isa = PBXGroup;
			children = (
				49FFEE75193DC413007CE996 /* Info.plist */,
			);
			name = "Supporting Files";
			sourceTree = "<group>";
		};
		49FFEE86193DC413007CE996 /* PrimoSwiftTests */ = {
			isa = PBXGroup;
			children = (
				49FFEE89193DC413007CE996 /* PrimoSwiftTests.swift */,
				49FFEE87193DC413007CE996 /* Supporting Files */,
			);
			path = PrimoSwiftTests;
			sourceTree = "<group>";
		};
		49FFEE87193DC413007CE996 /* Supporting Files */ = {
			isa = PBXGroup;
			children = (
				49FFEE88193DC413007CE996 /* Info.plist */,
			);
			name = "Supporting Files";
			sourceTree = "<group>";
		};
/* End PBXGroup section */

/* Begin PBXNativeTarget section */
		49FFEE70193DC413007CE996 /* PrimoSwift */ = {
			isa = PBXNativeTarget;
			buildConfigurationList = 49FFEE8D193DC413007CE996 /* Build configuration list for PBXNativeTarget "PrimoSwift" */;
			buildPhases = (
				49FFEE6D193DC413007CE996 /* Sources */,
				49FFEE6E193DC413007CE996 /* Frameworks */,
				49FFEE6F193DC413007CE996 /* Resources */,
			);
			buildRules = (
			);
			dependencies = (
			);
			name = PrimoSwift;
			productName = PrimoSwift;
			productReference = 49FFEE71193DC413007CE996 /* PrimoSwift.app */;
			productType = "com.apple.product-type.application";
		};
		49FFEE82193DC413007CE996 /* PrimoSwiftTests */ = {
			isa = PBXNativeTarget;
			buildConfigurationList = 49FFEE90193DC413007CE996 /* Build configuration list for PBXNativeTarget "PrimoSwiftTests" */;
			buildPhases = (
				49FFEE7F193DC413007CE996 /* Sources */,
				49FFEE80193DC413007CE996 /* Frameworks */,
				49FFEE81193DC413007CE996 /* Resources */,
			);
			buildRules = (
			);
			dependencies = (
				49FFEE85193DC413007CE996 /* PBXTargetDependency */,
			);
			name = PrimoSwiftTests;
			productName = PrimoSwiftTests;
			productReference = 49FFEE83193DC413007CE996 /* PrimoSwiftTests.xctest */;
			productType = "com.apple.product-type.bundle.unit-test";
		};
/* End PBXNativeTarget section */

/* Begin PBXProject section */
		49FFEE69193DC412007CE996 /* Project object */ = {
			isa = PBXProject;
			attributes = {
				LastUpgradeCheck = 0600;
				ORGANIZATIONNAME = "Fabrizio Radica";
				TargetAttributes = {
					49FFEE70193DC413007CE996 = {
						CreatedOnToolsVersion = 6.0;
					};
					49FFEE82193DC413007CE996 = {
						CreatedOnToolsVersion = 6.0;
						TestTargetID = 49FFEE70193DC413007CE996;
					};
				};
			};
			buildConfigurationList = 49FFEE6C193DC412007CE996 /* Build configuration list for PBXProject "PrimoSwift" */;
			compatibilityVersion = "Xcode 3.2";
			developmentRegion = English;
			hasScannedForEncodings = 0;
			knownRegions = (
				en,
				Base,
			);
			mainGroup = 49FFEE68193DC412007CE996;
			productRefGroup = 49FFEE72193DC413007CE996 /* Products */;
			projectDirPath = "";
			projectRoot = "";
			targets = (
				49FFEE70193DC413007CE996 /* PrimoSwift */,
				49FFEE82193DC413007CE996 /* PrimoSwiftTests */,
			);
		};
/* End PBXProject section */

/* Begin PBXResourcesBuildPhase section */
		49FFEE6F193DC413007CE996 /* Resources */ = {
			isa = PBXResourcesBuildPhase;
			buildActionMask = 2147483647;
			files = (
				49FFEE7C193DC413007CE996 /* Main.storyboard in Resources */,
				4986B50D193E665F00DC86FC /* file.json in Resources */,
				49FFEE7E193DC413007CE996 /* Images.xcassets in Resources */,
				4986B508193E46E000DC86FC /* pizza-patriottica.png in Resources */,
			);
			runOnlyForDeploymentPostprocessing = 0;
		};
		49FFEE81193DC413007CE996 /* Resources */ = {
			isa = PBXResourcesBuildPhase;
			buildActionMask = 2147483647;
			files = (
			);
			runOnlyForDeploymentPostprocessing = 0;
		};
/* End PBXResourcesBuildPhase section */

/* Begin PBXSourcesBuildPhase section */
		49FFEE6D193DC413007CE996 /* Sources */ = {
			isa = PBXSourcesBuildPhase;
			buildActionMask = 2147483647;
			files = (
				49FFEE79193DC413007CE996 /* ViewController.swift in Sources */,
				49FFEE77193DC413007CE996 /* AppDelegate.swift in Sources */,
				4986B50B193E614C00DC86FC /* loadJson.swift in Sources */,
				4986B504193DF01E00DC86FC /* myViewController.swift in Sources */,
				49FFEE96193DD150007CE996 /* customCell.swift in Sources */,
			);
			runOnlyForDeploymentPostprocessing = 0;
		};
		49FFEE7F193DC413007CE996 /* Sources */ = {
			isa = PBXSourcesBuildPhase;
			buildActionMask = 2147483647;
			files = (
				49FFEE8A193DC413007CE996 /* PrimoSwiftTests.swift in Sources */,
			);
			runOnlyForDeploymentPostprocessing = 0;
		};
/* End PBXSourcesBuildPhase section */

/* Begin PBXTargetDependency section */
		49FFEE85193DC413007CE996 /* PBXTargetDependency */ = {
			isa = PBXTargetDependency;
			target = 49FFEE70193DC413007CE996 /* PrimoSwift */;
			targetProxy = 49FFEE84193DC413007CE996 /* PBXContainerItemProxy */;
		};
/* End PBXTargetDependency section */

/* Begin PBXVariantGroup section */
		49FFEE7A193DC413007CE996 /* Main.storyboard */ = {
			isa = PBXVariantGroup;
			children = (
				49FFEE7B193DC413007CE996 /* Base */,
			);
			name = Main.storyboard;
			sourceTree = "<group>";
		};
/* End PBXVariantGroup section */

/* Begin XCBuildConfiguration section */
		49FFEE8B193DC413007CE996 /* Debug */ = {
			isa = XCBuildConfiguration;
			buildSettings = {
				ALWAYS_SEARCH_USER_PATHS = NO;
				CLANG_CXX_LANGUAGE_STANDARD = "gnu++0x";
				CLANG_CXX_LIBRARY = "libc++";
				CLANG_ENABLE_MODULES = YES;
				CLANG_ENABLE_OBJC_ARC = YES;
				CLANG_WARN_BOOL_CONVERSION = YES;
				CLANG_WARN_CONSTANT_CONVERSION = YES;
				CLANG_WARN_DIRECT_OBJC_ISA_USAGE = YES_ERROR;
				CLANG_WARN_EMPTY_BODY = YES;
				CLANG_WARN_ENUM_CONVERSION = YES;
				CLANG_WARN_INT_CONVERSION = YES;
				CLANG_WARN_OBJC_ROOT_CLASS = YES_ERROR;
				CLANG_WARN_UNREACHABLE_CODE = YES;
				CLANG_WARN__DUPLICATE_METHOD_MATCH = YES;
				"CODE_SIGN_IDENTITY[sdk=iphoneos*]" = "iPhone Developer";
				COPY_PHASE_STRIP = NO;
				ENABLE_STRICT_OBJC_MSGSEND = YES;
				GCC_C_LANGUAGE_STANDARD = gnu99;
				GCC_DYNAMIC_NO_PIC = NO;
				GCC_OPTIMIZATION_LEVEL = 0;
				GCC_PREPROCESSOR_DEFINITIONS = (
					"DEBUG=1",
					"$(inherited)",
				);
				GCC_SYMBOLS_PRIVATE_EXTERN = NO;
				GCC_WARN_64_TO_32_BIT_CONVERSION = YES;
				GCC_WARN_ABOUT_RETURN_TYPE = YES_ERROR;
				GCC_WARN_UNDECLARED_SELECTOR = YES;
				GCC_WARN_UNINITIALIZED_AUTOS = YES_AGGRESSIVE;
				GCC_WARN_UNUSED_FUNCTION = YES;
				GCC_WARN_UNUSED_VARIABLE = YES;
				IPHONEOS_DEPLOYMENT_TARGET = 8.0;
				METAL_ENABLE_DEBUG_INFO = YES;
				ONLY_ACTIVE_ARCH = YES;
				SDKROOT = iphoneos;
				SWIFT_OPTIMIZATION_LEVEL = "-Onone";
			};
			name = Debug;
		};
		49FFEE8C193DC413007CE996 /* Release */ = {
			isa = XCBuildConfiguration;
			buildSettings = {
				ALWAYS_SEARCH_USER_PATHS = NO;
				CLANG_CXX_LANGUAGE_STANDARD = "gnu++0x";
				CLANG_CXX_LIBRARY = "libc++";
				CLANG_ENABLE_MODULES = YES;
				CLANG_ENABLE_OBJC_ARC = YES;
				CLANG_WARN_BOOL_CONVERSION = YES;
				CLANG_WARN_CONSTANT_CONVERSION = YES;
				CLANG_WARN_DIRECT_OBJC_ISA_USAGE = YES_ERROR;
				CLANG_WARN_EMPTY_BODY = YES;
				CLANG_WARN_ENUM_CONVERSION = YES;
				CLANG_WARN_INT_CONVERSION = YES;
				CLANG_WARN_OBJC_ROOT_CLASS = YES_ERROR;
				CLANG_WARN_UNREACHABLE_CODE = YES;
				CLANG_WARN__DUPLICATE_METHOD_MATCH = YES;
				"CODE_SIGN_IDENTITY[sdk=iphoneos*]" = "iPhone Developer";
				COPY_PHASE_STRIP = YES;
				ENABLE_NS_ASSERTIONS = NO;
				ENABLE_STRICT_OBJC_MSGSEND = YES;
				GCC_C_LANGUAGE_STANDARD = gnu99;
				GCC_WARN_64_TO_32_BIT_CONVERSION = YES;
				GCC_WARN_ABOUT_RETURN_TYPE = YES_ERROR;
				GCC_WARN_UNDECLARED_SELECTOR = YES;
				GCC_WARN_UNINITIALIZED_AUTOS = YES_AGGRESSIVE;
				GCC_WARN_UNUSED_FUNCTION = YES;
				GCC_WARN_UNUSED_VARIABLE = YES;
				IPHONEOS_DEPLOYMENT_TARGET = 8.0;
				METAL_ENABLE_DEBUG_INFO = NO;
				SDKROOT = iphoneos;
				VALIDATE_PRODUCT = YES;
			};
			name = Release;
		};
		49FFEE8E193DC413007CE996 /* Debug */ = {
			isa = XCBuildConfiguration;
			buildSettings = {
				ASSETCATALOG_COMPILER_APPICON_NAME = AppIcon;
				ASSETCATALOG_COMPILER_LAUNCHIMAGE_NAME = LaunchImage;
				INFOPLIST_FILE = PrimoSwift/Info.plist;
				LD_RUNPATH_SEARCH_PATHS = "$(inherited) @executable_path/Frameworks";
				PRODUCT_NAME = "$(TARGET_NAME)";
			};
			name = Debug;
		};
		49FFEE8F193DC413007CE996 /* Release */ = {
			isa = XCBuildConfiguration;
			buildSettings = {
				ASSETCATALOG_COMPILER_APPICON_NAME = AppIcon;
				ASSETCATALOG_COMPILER_LAUNCHIMAGE_NAME = LaunchImage;
				INFOPLIST_FILE = PrimoSwift/Info.plist;
				LD_RUNPATH_SEARCH_PATHS = "$(inherited) @executable_path/Frameworks";
				PRODUCT_NAME = "$(TARGET_NAME)";
			};
			name = Release;
		};
		49FFEE91193DC413007CE996 /* Debug */ = {
			isa = XCBuildConfiguration;
			buildSettings = {
				BUNDLE_LOADER = "$(BUILT_PRODUCTS_DIR)/PrimoSwift.app/PrimoSwift";
				FRAMEWORK_SEARCH_PATHS = (
					"$(SDKROOT)/Developer/Library/Frameworks",
					"$(inherited)",
				);
				GCC_PREPROCESSOR_DEFINITIONS = (
					"DEBUG=1",
					"$(inherited)",
				);
				INFOPLIST_FILE = PrimoSwiftTests/Info.plist;
				LD_RUNPATH_SEARCH_PATHS = "$(inherited) @executable_path/Frameworks @loader_path/Frameworks";
				METAL_ENABLE_DEBUG_INFO = YES;
				PRODUCT_NAME = "$(TARGET_NAME)";
				TEST_HOST = "$(BUNDLE_LOADER)";
			};
			name = Debug;
		};
		49FFEE92193DC413007CE996 /* Release */ = {
			isa = XCBuildConfiguration;
			buildSettings = {
				BUNDLE_LOADER = "$(BUILT_PRODUCTS_DIR)/PrimoSwift.app/PrimoSwift";
				FRAMEWORK_SEARCH_PATHS = (
					"$(SDKROOT)/Developer/Library/Frameworks",
					"$(inherited)",
				);
				INFOPLIST_FILE = PrimoSwiftTests/Info.plist;
				LD_RUNPATH_SEARCH_PATHS = "$(inherited) @executable_path/Frameworks @loader_path/Frameworks";
				METAL_ENABLE_DEBUG_INFO = NO;
				PRODUCT_NAME = "$(TARGET_NAME)";
				TEST_HOST = "$(BUNDLE_LOADER)";
			};
			name = Release;
		};
/* End XCBuildConfiguration section */

/* Begin XCConfigurationList section */
		49FFEE6C193DC412007CE996 /* Build configuration list for PBXProject "PrimoSwift" */ = {
			isa = XCConfigurationList;
			buildConfigurations = (
				49FFEE8B193DC413007CE996 /* Debug */,
				49FFEE8C193DC413007CE996 /* Release */,
			);
			defaultConfigurationIsVisible = 0;
			defaultConfigurationName = Release;
		};
		49FFEE8D193DC413007CE996 /* Build configuration list for PBXNativeTarget "PrimoSwift" */ = {
			isa = XCConfigurationList;
			buildConfigurations = (
				49FFEE8E193DC413007CE996 /* Debug */,
				49FFEE8F193DC413007CE996 /* Release */,
			);
			defaultConfigurationIsVisible = 0;
			defaultConfigurationName = Release;
		};
		49FFEE90193DC413007CE996 /* Build configuration list for PBXNativeTarget "PrimoSwiftTests" */ = {
			isa = XCConfigurationList;
			buildConfigurations = (
				49FFEE91193DC413007CE996 /* Debug */,
				49FFEE92193DC413007CE996 /* Release */,
			);
			defaultConfigurationIsVisible = 0;
			defaultConfigurationName = Release;
		};
/* End XCConfigurationList section */
	};
	rootObject = 49FFEE69193DC412007CE996 /* Project object */;
}
